
Microsoft Visual Studio Solution File, Format Version 12.00
# Visual Studio Version 17
VisualStudioVersion = 17.11.35222.181
MinimumVisualStudioVersion = 10.0.40219.1
Project("{9A19103F-16F7-4668-BE54-9A1E7A4F7556}") = "InstuderingsFrågor", "InstuderingsFrågor\InstuderingsFrågor.csproj", "{CFCF0BE5-F8A1-44D3-BFB6-75E5C0BFC726}"
EndProject
Project("{9A19103F-16F7-4668-BE54-9A1E7A4F7556}") = "DumpCode", "DumpCode\DumpCode.csproj", "{A7D19BA1-B569-4931-A932-990991C159C0}"
EndProject
Project("{9A19103F-16F7-4668-BE54-9A1E7A4F7556}") = "Metoder1", "Metoder1\Metoder1.csproj", "{FEBC269A-DE4D-4226-A87B-6FD7CB3D9470}"
EndProject
Project("{9A19103F-16F7-4668-BE54-9A1E7A4F7556}") = "Metoder2", "ConsoleApp1\Metoder2.csproj", "{D4511E9D-46EF-4C34-A53F-C94025CA0C8F}"
EndProject
Project("{9A19103F-16F7-4668-BE54-9A1E7A4F7556}") = "Metoder3", "Metoder3\Metoder3.csproj", "{E4027BA7-3775-4F25-8DA2-ADC4B2E4EDB4}"
EndProject
Project("{9A19103F-16F7-4668-BE54-9A1E7A4F7556}") = "Metoder4", "Metoder4\Metoder4.csproj", "{93920815-D732-4784-B2B1-EA655C6C8539}"
EndProject
Project("{9A19103F-16F7-4668-BE54-9A1E7A4F7556}") = "Metoder5", "Metoder5\Metoder5.csproj", "{BE27573D-CF87-4BA2-9CDB-5DA292E12FA2}"
EndProject
Project("{9A19103F-16F7-4668-BE54-9A1E7A4F7556}") = "Metoder6", "Metoder6\Metoder6.csproj", "{6BD6B2AD-3918-4917-B183-636D2C88C4BC}"
EndProject
Project("{9A19103F-16F7-4668-BE54-9A1E7A4F7556}") = "Metoder7", "Metoder7\Metoder7.csproj", "{5ADCD05D-CDE1-417E-9143-2BA18945504A}"
EndProject
Project("{9A19103F-16F7-4668-BE54-9A1E7A4F7556}") = "Metoder8", "Metoder8\Metoder8.csproj", "{4F135AFE-A75B-4FBA-8B51-01CAFFB1E44F}"
EndProject
Project("{9A19103F-16F7-4668-BE54-9A1E7A4F7556}") = "Metoder9", "Metoder9\Metoder9.csproj", "{6AEB1FDA-15A4-40F4-B005-2EFEB884B485}"
EndProject
Project("{FAE04EC0-301F-11D3-BF4B-00C04F79EFBC}") = "Metoder10", "Metoder10\Metoder10.csproj", "{63EDE844-9E3C-4986-B555-BD4349C65705}"
EndProject
Project("{FAE04EC0-301F-11D3-BF4B-00C04F79EFBC}") = "Metoder11", "Metoder11\Metoder11.csproj", "{D7200CC6-78F0-4B5E-AFB4-60E26A5E0C6B}"
EndProject
Global
	GlobalSection(SolutionConfigurationPlatforms) = preSolution
		Debug|Any CPU = Debug|Any CPU
		Release|Any CPU = Release|Any CPU
	EndGlobalSection
	GlobalSection(ProjectConfigurationPlatforms) = postSolution
		{CFCF0BE5-F8A1-44D3-BFB6-75E5C0BFC726}.Debug|Any CPU.ActiveCfg = Debug|Any CPU
		{CFCF0BE5-F8A1-44D3-BFB6-75E5C0BFC726}.Debug|Any CPU.Build.0 = Debug|Any CPU
		{CFCF0BE5-F8A1-44D3-BFB6-75E5C0BFC726}.Release|Any CPU.ActiveCfg = Release|Any CPU
		{CFCF0BE5-F8A1-44D3-BFB6-75E5C0BFC726}.Release|Any CPU.Build.0 = Release|Any CPU
		{A7D19BA1-B569-4931-A932-990991C159C0}.Debug|Any CPU.ActiveCfg = Debug|Any CPU
		{A7D19BA1-B569-4931-A932-990991C159C0}.Debug|Any CPU.Build.0 = Debug|Any CPU
		{A7D19BA1-B569-4931-A932-990991C159C0}.Release|Any CPU.ActiveCfg = Release|Any CPU
		{A7D19BA1-B569-4931-A932-990991C159C0}.Release|Any CPU.Build.0 = Release|Any CPU
		{FEBC269A-DE4D-4226-A87B-6FD7CB3D9470}.Debug|Any CPU.ActiveCfg = Debug|Any CPU
		{FEBC269A-DE4D-4226-A87B-6FD7CB3D9470}.Debug|Any CPU.Build.0 = Debug|Any CPU
		{FEBC269A-DE4D-4226-A87B-6FD7CB3D9470}.Release|Any CPU.ActiveCfg = Release|Any CPU
		{FEBC269A-DE4D-4226-A87B-6FD7CB3D9470}.Release|Any CPU.Build.0 = Release|Any CPU
		{D4511E9D-46EF-4C34-A53F-C94025CA0C8F}.Debug|Any CPU.ActiveCfg = Debug|Any CPU
		{D4511E9D-46EF-4C34-A53F-C94025CA0C8F}.Debug|Any CPU.Build.0 = Debug|Any CPU
		{D4511E9D-46EF-4C34-A53F-C94025CA0C8F}.Release|Any CPU.ActiveCfg = Release|Any CPU
		{D4511E9D-46EF-4C34-A53F-C94025CA0C8F}.Release|Any CPU.Build.0 = Release|Any CPU
		{E4027BA7-3775-4F25-8DA2-ADC4B2E4EDB4}.Debug|Any CPU.ActiveCfg = Debug|Any CPU
		{E4027BA7-3775-4F25-8DA2-ADC4B2E4EDB4}.Debug|Any CPU.Build.0 = Debug|Any CPU
		{E4027BA7-3775-4F25-8DA2-ADC4B2E4EDB4}.Release|Any CPU.ActiveCfg = Release|Any CPU
		{E4027BA7-3775-4F25-8DA2-ADC4B2E4EDB4}.Release|Any CPU.Build.0 = Release|Any CPU
		{93920815-D732-4784-B2B1-EA655C6C8539}.Debug|Any CPU.ActiveCfg = Debug|Any CPU
		{93920815-D732-4784-B2B1-EA655C6C8539}.Debug|Any CPU.Build.0 = Debug|Any CPU
		{93920815-D732-4784-B2B1-EA655C6C8539}.Release|Any CPU.ActiveCfg = Release|Any CPU
		{93920815-D732-4784-B2B1-EA655C6C8539}.Release|Any CPU.Build.0 = Release|Any CPU
		{BE27573D-CF87-4BA2-9CDB-5DA292E12FA2}.Debug|Any CPU.ActiveCfg = Debug|Any CPU
		{BE27573D-CF87-4BA2-9CDB-5DA292E12FA2}.Debug|Any CPU.Build.0 = Debug|Any CPU
		{BE27573D-CF87-4BA2-9CDB-5DA292E12FA2}.Release|Any CPU.ActiveCfg = Release|Any CPU
		{BE27573D-CF87-4BA2-9CDB-5DA292E12FA2}.Release|Any CPU.Build.0 = Release|Any CPU
		{6BD6B2AD-3918-4917-B183-636D2C88C4BC}.Debug|Any CPU.ActiveCfg = Debug|Any CPU
		{6BD6B2AD-3918-4917-B183-636D2C88C4BC}.Debug|Any CPU.Build.0 = Debug|Any CPU
		{6BD6B2AD-3918-4917-B183-636D2C88C4BC}.Release|Any CPU.ActiveCfg = Release|Any CPU
		{6BD6B2AD-3918-4917-B183-636D2C88C4BC}.Release|Any CPU.Build.0 = Release|Any CPU
		{5ADCD05D-CDE1-417E-9143-2BA18945504A}.Debug|Any CPU.ActiveCfg = Debug|Any CPU
		{5ADCD05D-CDE1-417E-9143-2BA18945504A}.Debug|Any CPU.Build.0 = Debug|Any CPU
		{5ADCD05D-CDE1-417E-9143-2BA18945504A}.Release|Any CPU.ActiveCfg = Release|Any CPU
		{5ADCD05D-CDE1-417E-9143-2BA18945504A}.Release|Any CPU.Build.0 = Release|Any CPU
		{4F135AFE-A75B-4FBA-8B51-01CAFFB1E44F}.Debug|Any CPU.ActiveCfg = Debug|Any CPU
		{4F135AFE-A75B-4FBA-8B51-01CAFFB1E44F}.Debug|Any CPU.Build.0 = Debug|Any CPU
		{4F135AFE-A75B-4FBA-8B51-01CAFFB1E44F}.Release|Any CPU.ActiveCfg = Release|Any CPU
		{4F135AFE-A75B-4FBA-8B51-01CAFFB1E44F}.Release|Any CPU.Build.0 = Release|Any CPU
		{6AEB1FDA-15A4-40F4-B005-2EFEB884B485}.Debug|Any CPU.ActiveCfg = Debug|Any CPU
		{6AEB1FDA-15A4-40F4-B005-2EFEB884B485}.Debug|Any CPU.Build.0 = Debug|Any CPU
		{6AEB1FDA-15A4-40F4-B005-2EFEB884B485}.Release|Any CPU.ActiveCfg = Release|Any CPU
		{6AEB1FDA-15A4-40F4-B005-2EFEB884B485}.Release|Any CPU.Build.0 = Release|Any CPU
		{63EDE844-9E3C-4986-B555-BD4349C65705}.Debug|Any CPU.ActiveCfg = Debug|Any CPU
		{63EDE844-9E3C-4986-B555-BD4349C65705}.Debug|Any CPU.Build.0 = Debug|Any CPU
		{63EDE844-9E3C-4986-B555-BD4349C65705}.Release|Any CPU.ActiveCfg = Release|Any CPU
		{63EDE844-9E3C-4986-B555-BD4349C65705}.Release|Any CPU.Build.0 = Release|Any CPU
		{D7200CC6-78F0-4B5E-AFB4-60E26A5E0C6B}.Debug|Any CPU.ActiveCfg = Debug|Any CPU
		{D7200CC6-78F0-4B5E-AFB4-60E26A5E0C6B}.Debug|Any CPU.Build.0 = Debug|Any CPU
		{D7200CC6-78F0-4B5E-AFB4-60E26A5E0C6B}.Release|Any CPU.ActiveCfg = Release|Any CPU
		{D7200CC6-78F0-4B5E-AFB4-60E26A5E0C6B}.Release|Any CPU.Build.0 = Release|Any CPU
	EndGlobalSection
	GlobalSection(SolutionProperties) = preSolution
		HideSolutionNode = FALSE
	EndGlobalSection
	GlobalSection(ExtensibilityGlobals) = postSolution
		SolutionGuid = {C33BA5DB-2586-432D-9F17-10FD8B0940A1}
	EndGlobalSection
EndGlobal
