
Microsoft Visual Studio Solution File, Format Version 12.00
# Visual Studio Version 17
VisualStudioVersion = 17.11.35222.181
MinimumVisualStudioVersion = 10.0.40219.1
Project("{FAE04EC0-301F-11D3-BF4B-00C04F79EFBC}") = "InstuderingsFrågor", "InstuderingsFrågor\InstuderingsFrågor.csproj", "{CFCF0BE5-F8A1-44D3-BFB6-75E5C0BFC726}"
EndProject
Global
	GlobalSection(SolutionConfigurationPlatforms) = preSolution
		Debug|Any CPU = Debug|Any CPU
		Release|Any CPU = Release|Any CPU
	EndGlobalSection
	GlobalSection(ProjectConfigurationPlatforms) = postSolution
		{CFCF0BE5-F8A1-44D3-BFB6-75E5C0BFC726}.Debug|Any CPU.ActiveCfg = Debug|Any CPU
		{CFCF0BE5-F8A1-44D3-BFB6-75E5C0BFC726}.Debug|Any CPU.Build.0 = Debug|Any CPU
		{CFCF0BE5-F8A1-44D3-BFB6-75E5C0BFC726}.Release|Any CPU.ActiveCfg = Release|Any CPU
		{CFCF0BE5-F8A1-44D3-BFB6-75E5C0BFC726}.Release|Any CPU.Build.0 = Release|Any CPU
	EndGlobalSection
	GlobalSection(SolutionProperties) = preSolution
		HideSolutionNode = FALSE
	EndGlobalSection
	GlobalSection(ExtensibilityGlobals) = postSolution
		SolutionGuid = {C33BA5DB-2586-432D-9F17-10FD8B0940A1}
	EndGlobalSection
EndGlobal
